
Microsoft Visual Studio Solution File, Format Version 12.00
Project("{FAE04EC0-301F-11D3-BF4B-00C04F79EFBC}") = "UI", "UI\UI.csproj", "{ADC2AB48-2E0D-4E2A-BDF0-D920E200094E}"
EndProject
Project("{FAE04EC0-301F-11D3-BF4B-00C04F79EFBC}") = "BusinessLogic", "BusinessLogic\BusinessLogic.csproj", "{F05F5D00-2ACA-4F26-8181-43734AB55F0B}"
EndProject
Project("{FAE04EC0-301F-11D3-BF4B-00C04F79EFBC}") = "BusinessLogic.Test", "BusinessLogic.Test\BusinessLogic.Test.csproj", "{2DBED2F2-0471-402E-B5DB-9F4E49D1D7AF}"
EndProject
Project("{FAE04EC0-301F-11D3-BF4B-00C04F79EFBC}") = "Domain", "Domain\Domain.csproj", "{AF74686B-E3DD-46EA-8867-49A4889A754B}"
EndProject
Project("{FAE04EC0-301F-11D3-BF4B-00C04F79EFBC}") = "DateRange", "DateRange\DateRange.csproj", "{B4A5895E-AB32-4EE3-A213-94A631BBBF5D}"
EndProject
Project("{FAE04EC0-301F-11D3-BF4B-00C04F79EFBC}") = "DataAccess", "DataAccess\DataAccess.csproj", "{A3C7E3DB-C416-4DB5-A0BF-5998F54A127F}"
EndProject
Project("{FAE04EC0-301F-11D3-BF4B-00C04F79EFBC}") = "Domain.Test", "Domain.Test\Domain.Test.csproj", "{AB422EE3-C16A-4670-817D-4E7EA580476C}"
EndProject
Project("{FAE04EC0-301F-11D3-BF4B-00C04F79EFBC}") = "DateRange.Test", "DateRange.Test\DateRange.Test.csproj", "{EA886E91-7F90-42C6-B5C3-32C77B2D6407}"
EndProject
Global
	GlobalSection(SolutionConfigurationPlatforms) = preSolution
		Debug|Any CPU = Debug|Any CPU
		Release|Any CPU = Release|Any CPU
	EndGlobalSection
	GlobalSection(ProjectConfigurationPlatforms) = postSolution
		{ADC2AB48-2E0D-4E2A-BDF0-D920E200094E}.Debug|Any CPU.ActiveCfg = Debug|Any CPU
		{ADC2AB48-2E0D-4E2A-BDF0-D920E200094E}.Debug|Any CPU.Build.0 = Debug|Any CPU
		{ADC2AB48-2E0D-4E2A-BDF0-D920E200094E}.Release|Any CPU.ActiveCfg = Release|Any CPU
		{ADC2AB48-2E0D-4E2A-BDF0-D920E200094E}.Release|Any CPU.Build.0 = Release|Any CPU
		{F05F5D00-2ACA-4F26-8181-43734AB55F0B}.Debug|Any CPU.ActiveCfg = Debug|Any CPU
		{F05F5D00-2ACA-4F26-8181-43734AB55F0B}.Debug|Any CPU.Build.0 = Debug|Any CPU
		{F05F5D00-2ACA-4F26-8181-43734AB55F0B}.Release|Any CPU.ActiveCfg = Release|Any CPU
		{F05F5D00-2ACA-4F26-8181-43734AB55F0B}.Release|Any CPU.Build.0 = Release|Any CPU
		{2DBED2F2-0471-402E-B5DB-9F4E49D1D7AF}.Debug|Any CPU.ActiveCfg = Debug|Any CPU
		{2DBED2F2-0471-402E-B5DB-9F4E49D1D7AF}.Debug|Any CPU.Build.0 = Debug|Any CPU
		{2DBED2F2-0471-402E-B5DB-9F4E49D1D7AF}.Release|Any CPU.ActiveCfg = Release|Any CPU
		{2DBED2F2-0471-402E-B5DB-9F4E49D1D7AF}.Release|Any CPU.Build.0 = Release|Any CPU
		{AF74686B-E3DD-46EA-8867-49A4889A754B}.Debug|Any CPU.ActiveCfg = Debug|Any CPU
		{AF74686B-E3DD-46EA-8867-49A4889A754B}.Debug|Any CPU.Build.0 = Debug|Any CPU
		{AF74686B-E3DD-46EA-8867-49A4889A754B}.Release|Any CPU.ActiveCfg = Release|Any CPU
		{AF74686B-E3DD-46EA-8867-49A4889A754B}.Release|Any CPU.Build.0 = Release|Any CPU
		{B4A5895E-AB32-4EE3-A213-94A631BBBF5D}.Debug|Any CPU.ActiveCfg = Debug|Any CPU
		{B4A5895E-AB32-4EE3-A213-94A631BBBF5D}.Debug|Any CPU.Build.0 = Debug|Any CPU
		{B4A5895E-AB32-4EE3-A213-94A631BBBF5D}.Release|Any CPU.ActiveCfg = Release|Any CPU
		{B4A5895E-AB32-4EE3-A213-94A631BBBF5D}.Release|Any CPU.Build.0 = Release|Any CPU
		{A3C7E3DB-C416-4DB5-A0BF-5998F54A127F}.Debug|Any CPU.ActiveCfg = Debug|Any CPU
		{A3C7E3DB-C416-4DB5-A0BF-5998F54A127F}.Debug|Any CPU.Build.0 = Debug|Any CPU
		{A3C7E3DB-C416-4DB5-A0BF-5998F54A127F}.Release|Any CPU.ActiveCfg = Release|Any CPU
		{A3C7E3DB-C416-4DB5-A0BF-5998F54A127F}.Release|Any CPU.Build.0 = Release|Any CPU
		{AB422EE3-C16A-4670-817D-4E7EA580476C}.Debug|Any CPU.ActiveCfg = Debug|Any CPU
		{AB422EE3-C16A-4670-817D-4E7EA580476C}.Debug|Any CPU.Build.0 = Debug|Any CPU
		{AB422EE3-C16A-4670-817D-4E7EA580476C}.Release|Any CPU.ActiveCfg = Release|Any CPU
		{AB422EE3-C16A-4670-817D-4E7EA580476C}.Release|Any CPU.Build.0 = Release|Any CPU
		{EA886E91-7F90-42C6-B5C3-32C77B2D6407}.Debug|Any CPU.ActiveCfg = Debug|Any CPU
		{EA886E91-7F90-42C6-B5C3-32C77B2D6407}.Debug|Any CPU.Build.0 = Debug|Any CPU
		{EA886E91-7F90-42C6-B5C3-32C77B2D6407}.Release|Any CPU.ActiveCfg = Release|Any CPU
		{EA886E91-7F90-42C6-B5C3-32C77B2D6407}.Release|Any CPU.Build.0 = Release|Any CPU
	EndGlobalSection
EndGlobal
